{
  "version": "5",
  "specifiers": {
    "jsr:@std/cli@1": "1.0.32",
    "jsr:@std/yaml@*": "1.1.1",
    "npm:@atproto/common-web@0.5": "0.5.6",
    "npm:@atproto/identity@0.5": "0.5.6"
  },
  "jsr": {
    "@std/cli@1.0.32": {
      "integrity": "188b3a100d6202d64e3f5bd3d799c7fa4f6d77f92cc65eb7f641c1fa0aa92a66"
    },
    "@std/yaml@1.1.1": {
      "integrity": "a57665ecf3d17b926380593a56625d8a10cc7281802f1e993b5ebc94a48e71f8"
    }
  },
  "npm": {
    "@atproto/common-web@0.5.6": {
      "integrity": "sha512-5Y4MIK9dpkJPiKiE6u7iEHitxj+g3aAU2GfGL686JlKE2zDKD4y18BJb+uVek6nXQKb5XOdNVvw+7BHarpn8Fw==",
      "dependencies": [
        "@atproto/lex-data",
        "@atproto/lex-json",
        "@atproto/syntax",
        "zod"
      ]
    },
    "@atproto/crypto@0.5.4": {
      "integrity": "sha512-UR0BkuYNYuFtw+dA+y/oPPxzX0SWRnGJ+1Cfh/jGP1BvjRUyezK3omjpeLms5fYrXbM9vnfX+ckJFJqkBgLOdw==",
      "dependencies": [
        "@noble/curves",
        "@noble/hashes",
        "uint8arrays"
      ]
    },
    "@atproto/identity@0.5.6": {
      "integrity": "sha512-xGmg8HnYhTsqsVwpFIPKjQzwnHRddXnuD8N+f/tWlblX0119L7b8GyXFKY84TRbumKx7xvy/IanAncyDxBx+/A==",
      "dependencies": [
        "@atproto/common-web",
        "@atproto/crypto"
      ]
    },
    "@atproto/lex-data@0.1.5": {
      "integrity": "sha512-TEM6GHuYpNm4O90LjNgbYq1Gmcr875S+BHrDxkg4PB5w/nlsz4HlbkGQG/WP/xbIV5O8TF5nNHDpCZ5ezTRrFA==",
      "dependencies": [
        "multiformats",
        "tslib",
        "unicode-segmenter"
      ]
    },
    "@atproto/lex-json@0.1.4": {
      "integrity": "sha512-ENR2cWkVrES+UL6TovbCRdX9BJOyHHJUS8jYx3Lxp3j4vEphjn/u+DW7bWloST2O8ID2OuVlt6+28ftNEEjmQQ==",
      "dependencies": [
        "@atproto/lex-data",
        "tslib"
      ]
    },
    "@atproto/syntax@0.7.2": {
      "integrity": "sha512-tZ1Tr0R9pK4bI4Zs69t29cjMlCFQvRNBeNkqJC5pGeNuCt64D0eoF7s/AlqeVmYppClmQ0xJquggGgsMDP6j7w==",
      "dependencies": [
        "iso-datestring-validator",
        "tslib"
      ]
    },
    "@noble/curves@1.9.7": {
      "integrity": "sha512-gbKGcRUYIjA3/zCCNaWDciTMFI0dCkvou3TL8Zmy5Nc7sJ47a0jtOeZoTaMxkuqRo9cRhjOdZJXegxYE5FN/xw==",
      "dependencies": [
        "@noble/hashes"
      ]
    },
    "@noble/hashes@1.8.0": {
      "integrity": "sha512-jCs9ldd7NwzpgXDIf6P3+NrHh9/sD6CQdxHyjQI+h/6rDNo88ypBxxz45UDuZHz9r3tNz7N/VInSVoVdtXEI4A=="
    },
    "iso-datestring-validator@2.2.2": {
      "integrity": "sha512-yLEMkBbLZTlVQqOnQ4FiMujR6T4DEcCb1xizmvXS+OxuhwcbtynoosRzdMA69zZCShCNAbi+gJ71FxZBBXx1SA=="
    },
    "multiformats@13.4.2": {
      "integrity": "sha512-eh6eHCrRi1+POZ3dA+Dq1C6jhP1GNtr9CRINMb67OKzqW9I5DUuZM/3jLPlzhgpGeiNUlEGEbkCYChXMCc/8DQ=="
    },
    "tslib@2.8.1": {
      "integrity": "sha512-oJFu94HQb+KVduSUQL7wnpmqnfmLsOA/nAh6b6EH0wCEoK0/mPeXU6c3wKDV83MkOuHPRHtSXKKU99IBazS/2w=="
    },
    "uint8arrays@5.1.1": {
      "integrity": "sha512-9muQwa4wZG4dKi9gMAIBtnk2Pw87SRpvWTH6lOGm19V2Uqxr4uomUf2PGqPnWc+qs06sN8owUU4jfcoWOcfwVQ==",
      "dependencies": [
        "multiformats"
      ]
    },
    "unicode-segmenter@0.14.5": {
      "integrity": "sha512-jHGmj2LUuqDcX3hqY12Ql+uhUTn8huuxNZGq7GvtF6bSybzH3aFgedYu/KTzQStEgt1Ra2F3HxadNXsNjb3m3g=="
    },
    "zod@3.25.76": {
      "integrity": "sha512-gzUt/qt81nXsFGKIFcC3YnfEAx5NkunCfnDlvuBSSFS02bcXu4Lmea0AFIUwbLWxWPx3d9p8S5QoaujKcNQxcQ=="
    }
  },
  "workspace": {
    "dependencies": [
      "jsr:@std/assert@1",
      "jsr:@std/cli@1",
      "jsr:@std/path@1",
      "npm:@atproto/common-web@0.5",
      "npm:@atproto/identity@0.5"
    ],
    "members": {
      "lib/policies/deno-typescript": {
        "dependencies": [
          "jsr:@publicdomainrelay/policy-deno-typescript-shared@0",
          "jsr:@std/cli@1"
        ]
      },
      "lib/policies/deno-typescript-shared": {
        "dependencies": [
          "npm:@atproto/common-web@0.5",
          "npm:@atproto/identity@0.5"
        ]
      }
    }
  }
}
